// !$*UTF8*$!
{
	archiveVersion = 1;
	classes = {
	};
	objectVersion = 48;
	objects = {

/* Begin PBXBuildFile section */
		D22FE6A61FC2F157001DDA49 /* SAWindowController.m in Sources */ = {isa = PBXBuildFile; fileRef = D22FE6A41FC2F156001DDA49 /* SAWindowController.m */; };
		D22FE6A71FC2F157001DDA49 /* FinderSync.xib in Resources */ = {isa = PBXBuildFile; fileRef = D22FE6A51FC2F157001DDA49 /* FinderSync.xib */; };
		D2BA25D21FC1D48D002C0CD0 /* AppDelegate.m in Sources */ = {isa = PBXBuildFile; fileRef = D2BA25D11FC1D48D002C0CD0 /* AppDelegate.m */; };
		D2BA25D41FC1D48D002C0CD0 /* Assets.xcassets in Resources */ = {isa = PBXBuildFile; fileRef = D2BA25D31FC1D48D002C0CD0 /* Assets.xcassets */; };
		D2BA25D71FC1D48D002C0CD0 /* MainMenu.xib in Resources */ = {isa = PBXBuildFile; fileRef = D2BA25D51FC1D48D002C0CD0 /* MainMenu.xib */; };
		D2BA25DA1FC1D48D002C0CD0 /* main.m in Sources */ = {isa = PBXBuildFile; fileRef = D2BA25D91FC1D48D002C0CD0 /* main.m */; };
		D2BA25E91FC1D4C4002C0CD0 /* FinderSync.m in Sources */ = {isa = PBXBuildFile; fileRef = D2BA25E81FC1D4C4002C0CD0 /* FinderSync.m */; };
		D2BA25EE1FC1D4C4002C0CD0 /* Finder Extension.appex in Embed App Extensions */ = {isa = PBXBuildFile; fileRef = D2BA25E51FC1D4C4002C0CD0 /* Finder Extension.appex */; settings = {ATTRIBUTES = (RemoveHeadersOnCopy, ); }; };
		D2BA25F51FC1D575002C0CD0 /* SMImageView.m in Sources */ = {isa = PBXBuildFile; fileRef = D2BA25F41FC1D575002C0CD0 /* SMImageView.m */; };
		D2BA25FC1FC1D995002C0CD0 /* SAWindowController.m in Sources */ = {isa = PBXBuildFile; fileRef = D2BA25FA1FC1D995002C0CD0 /* SAWindowController.m */; };
		D2BA25FD1FC1D995002C0CD0 /* FinderSync.xib in Resources */ = {isa = PBXBuildFile; fileRef = D2BA25FB1FC1D995002C0CD0 /* FinderSync.xib */; };
/* End PBXBuildFile section */

/* Begin PBXContainerItemProxy section */
		D2BA25EC1FC1D4C4002C0CD0 /* PBXContainerItemProxy */ = {
			isa = PBXContainerItemProxy;
			containerPortal = D2BA25C51FC1D48D002C0CD0 /* Project object */;
			proxyType = 1;
			remoteGlobalIDString = D2BA25E41FC1D4C4002C0CD0;
			remoteInfo = "Finder Extension";
		};
/* End PBXContainerItemProxy section */

/* Begin PBXCopyFilesBuildPhase section */
		D2BA25F21FC1D4C4002C0CD0 /* Embed App Extensions */ = {
			isa = PBXCopyFilesBuildPhase;
			buildActionMask = 2147483647;
			dstPath = "";
			dstSubfolderSpec = 13;
			files = (
				D2BA25EE1FC1D4C4002C0CD0 /* Finder Extension.appex in Embed App Extensions */,
			);
			name = "Embed App Extensions";
			runOnlyForDeploymentPostprocessing = 0;
		};
/* End PBXCopyFilesBuildPhase section */

/* Begin PBXFileReference section */
		D22FE6A31FC2F156001DDA49 /* SAWindowController.h */ = {isa = PBXFileReference; fileEncoding = 4; lastKnownFileType = sourcecode.c.h; path = SAWindowController.h; sourceTree = "<group>"; };
		D22FE6A41FC2F156001DDA49 /* SAWindowController.m */ = {isa = PBXFileReference; fileEncoding = 4; lastKnownFileType = sourcecode.c.objc; path = SAWindowController.m; sourceTree = "<group>"; };
		D22FE6A51FC2F157001DDA49 /* FinderSync.xib */ = {isa = PBXFileReference; fileEncoding = 4; lastKnownFileType = file.xib; path = FinderSync.xib; sourceTree = "<group>"; };
		D2BA25CD1FC1D48D002C0CD0 /* Share Access for Sierra.app */ = {isa = PBXFileReference; explicitFileType = wrapper.application; includeInIndex = 0; path = "Share Access for Sierra.app"; sourceTree = BUILT_PRODUCTS_DIR; };
		D2BA25D01FC1D48D002C0CD0 /* AppDelegate.h */ = {isa = PBXFileReference; lastKnownFileType = sourcecode.c.h; path = AppDelegate.h; sourceTree = "<group>"; };
		D2BA25D11FC1D48D002C0CD0 /* AppDelegate.m */ = {isa = PBXFileReference; lastKnownFileType = sourcecode.c.objc; path = AppDelegate.m; sourceTree = "<group>"; };
		D2BA25D31FC1D48D002C0CD0 /* Assets.xcassets */ = {isa = PBXFileReference; lastKnownFileType = folder.assetcatalog; path = Assets.xcassets; sourceTree = "<group>"; };
		D2BA25D61FC1D48D002C0CD0 /* Base */ = {isa = PBXFileReference; lastKnownFileType = file.xib; name = Base; path = Base.lproj/MainMenu.xib; sourceTree = "<group>"; };
		D2BA25D81FC1D48D002C0CD0 /* Info.plist */ = {isa = PBXFileReference; lastKnownFileType = text.plist.xml; path = Info.plist; sourceTree = "<group>"; };
		D2BA25D91FC1D48D002C0CD0 /* main.m */ = {isa = PBXFileReference; lastKnownFileType = sourcecode.c.objc; path = main.m; sourceTree = "<group>"; };
		D2BA25DB1FC1D48D002C0CD0 /* Share_Access_for_Sierra.entitlements */ = {isa = PBXFileReference; lastKnownFileType = text.plist.entitlements; path = Share_Access_for_Sierra.entitlements; sourceTree = "<group>"; };
		D2BA25E51FC1D4C4002C0CD0 /* Finder Extension.appex */ = {isa = PBXFileReference; explicitFileType = "wrapper.app-extension"; includeInIndex = 0; path = "Finder Extension.appex"; sourceTree = BUILT_PRODUCTS_DIR; };
		D2BA25E71FC1D4C4002C0CD0 /* FinderSync.h */ = {isa = PBXFileReference; lastKnownFileType = sourcecode.c.h; path = FinderSync.h; sourceTree = "<group>"; };
		D2BA25E81FC1D4C4002C0CD0 /* FinderSync.m */ = {isa = PBXFileReference; lastKnownFileType = sourcecode.c.objc; path = FinderSync.m; sourceTree = "<group>"; };
		D2BA25EA1FC1D4C4002C0CD0 /* Info.plist */ = {isa = PBXFileReference; lastKnownFileType = text.plist.xml; path = Info.plist; sourceTree = "<group>"; };
		D2BA25EB1FC1D4C4002C0CD0 /* Finder_Extension.entitlements */ = {isa = PBXFileReference; lastKnownFileType = text.plist.entitlements; path = Finder_Extension.entitlements; sourceTree = "<group>"; };
		D2BA25F31FC1D575002C0CD0 /* SMImageView.h */ = {isa = PBXFileReference; fileEncoding = 4; lastKnownFileType = sourcecode.c.h; path = SMImageView.h; sourceTree = "<group>"; };
		D2BA25F41FC1D575002C0CD0 /* SMImageView.m */ = {isa = PBXFileReference; fileEncoding = 4; lastKnownFileType = sourcecode.c.objc; path = SMImageView.m; sourceTree = "<group>"; };
		D2BA25F91FC1D995002C0CD0 /* SAWindowController.h */ = {isa = PBXFileReference; lastKnownFileType = sourcecode.c.h; path = SAWindowController.h; sourceTree = "<group>"; };
		D2BA25FA1FC1D995002C0CD0 /* SAWindowController.m */ = {isa = PBXFileReference; lastKnownFileType = sourcecode.c.objc; path = SAWindowController.m; sourceTree = "<group>"; };
		D2BA25FB1FC1D995002C0CD0 /* FinderSync.xib */ = {isa = PBXFileReference; lastKnownFileType = file.xib; path = FinderSync.xib; sourceTree = "<group>"; };
/* End PBXFileReference section */

/* Begin PBXFrameworksBuildPhase section */
		D2BA25CA1FC1D48D002C0CD0 /* Frameworks */ = {
			isa = PBXFrameworksBuildPhase;
			buildActionMask = 2147483647;
			files = (
			);
			runOnlyForDeploymentPostprocessing = 0;
		};
		D2BA25E21FC1D4C4002C0CD0 /* Frameworks */ = {
			isa = PBXFrameworksBuildPhase;
			buildActionMask = 2147483647;
			files = (
			);
			runOnlyForDeploymentPostprocessing = 0;
		};
/* End PBXFrameworksBuildPhase section */

/* Begin PBXGroup section */
		D2BA25C41FC1D48D002C0CD0 = {
			isa = PBXGroup;
			children = (
				D2BA25CF1FC1D48D002C0CD0 /* Share Access for Sierra */,
				D2BA25E61FC1D4C4002C0CD0 /* Finder Extension */,
				D2BA25CE1FC1D48D002C0CD0 /* Products */,
			);
			sourceTree = "<group>";
		};
		D2BA25CE1FC1D48D002C0CD0 /* Products */ = {
			isa = PBXGroup;
			children = (
				D2BA25CD1FC1D48D002C0CD0 /* Share Access for Sierra.app */,
				D2BA25E51FC1D4C4002C0CD0 /* Finder Extension.appex */,
			);
			name = Products;
			sourceTree = "<group>";
		};
		D2BA25CF1FC1D48D002C0CD0 /* Share Access for Sierra */ = {
			isa = PBXGroup;
			children = (
				D2BA25F31FC1D575002C0CD0 /* SMImageView.h */,
				D2BA25F41FC1D575002C0CD0 /* SMImageView.m */,
				D2BA25D01FC1D48D002C0CD0 /* AppDelegate.h */,
				D2BA25D11FC1D48D002C0CD0 /* AppDelegate.m */,
				D2BA25D31FC1D48D002C0CD0 /* Assets.xcassets */,
				D2BA25D51FC1D48D002C0CD0 /* MainMenu.xib */,
				D22FE6A51FC2F157001DDA49 /* FinderSync.xib */,
				D22FE6A31FC2F156001DDA49 /* SAWindowController.h */,
				D22FE6A41FC2F156001DDA49 /* SAWindowController.m */,
				D2BA25D81FC1D48D002C0CD0 /* Info.plist */,
				D2BA25D91FC1D48D002C0CD0 /* main.m */,
				D2BA25DB1FC1D48D002C0CD0 /* Share_Access_for_Sierra.entitlements */,
			);
			path = "Share Access for Sierra";
			sourceTree = "<group>";
		};
		D2BA25E61FC1D4C4002C0CD0 /* Finder Extension */ = {
			isa = PBXGroup;
			children = (
				D2BA25E71FC1D4C4002C0CD0 /* FinderSync.h */,
				D2BA25E81FC1D4C4002C0CD0 /* FinderSync.m */,
				D2BA25F91FC1D995002C0CD0 /* SAWindowController.h */,
				D2BA25FA1FC1D995002C0CD0 /* SAWindowController.m */,
				D2BA25FB1FC1D995002C0CD0 /* FinderSync.xib */,
				D2BA25EA1FC1D4C4002C0CD0 /* Info.plist */,
				D2BA25EB1FC1D4C4002C0CD0 /* Finder_Extension.entitlements */,
			);
			path = "Finder Extension";
			sourceTree = "<group>";
		};
/* End PBXGroup section */

/* Begin PBXNativeTarget section */
		D2BA25CC1FC1D48D002C0CD0 /* Share Access for Sierra */ = {
			isa = PBXNativeTarget;
			buildConfigurationList = D2BA25DE1FC1D48D002C0CD0 /* Build configuration list for PBXNativeTarget "Share Access for Sierra" */;
			buildPhases = (
				D2BA25C91FC1D48D002C0CD0 /* Sources */,
				D2BA25CA1FC1D48D002C0CD0 /* Frameworks */,
				D2BA25CB1FC1D48D002C0CD0 /* Resources */,
				D2BA25F21FC1D4C4002C0CD0 /* Embed App Extensions */,
			);
			buildRules = (
			);
			dependencies = (
				D2BA25ED1FC1D4C4002C0CD0 /* PBXTargetDependency */,
			);
			name = "Share Access for Sierra";
			productName = "Share Access for Sierra";
			productReference = D2BA25CD1FC1D48D002C0CD0 /* Share Access for Sierra.app */;
			productType = "com.apple.product-type.application";
		};
		D2BA25E41FC1D4C4002C0CD0 /* Finder Extension */ = {
			isa = PBXNativeTarget;
			buildConfigurationList = D2BA25EF1FC1D4C4002C0CD0 /* Build configuration list for PBXNativeTarget "Finder Extension" */;
			buildPhases = (
				D2BA25E11FC1D4C4002C0CD0 /* Sources */,
				D2BA25E21FC1D4C4002C0CD0 /* Frameworks */,
				D2BA25E31FC1D4C4002C0CD0 /* Resources */,
			);
			buildRules = (
			);
			dependencies = (
			);
			name = "Finder Extension";
			productName = "Finder Extension";
			productReference = D2BA25E51FC1D4C4002C0CD0 /* Finder Extension.appex */;
			productType = "com.apple.product-type.app-extension";
		};
/* End PBXNativeTarget section */

/* Begin PBXProject section */
		D2BA25C51FC1D48D002C0CD0 /* Project object */ = {
			isa = PBXProject;
			attributes = {
				LastUpgradeCheck = 0910;
				ORGANIZATIONNAME = "Marek Hrušovský";
				TargetAttributes = {
					D2BA25CC1FC1D48D002C0CD0 = {
						CreatedOnToolsVersion = 9.1;
						ProvisioningStyle = Automatic;
						SystemCapabilities = {
							com.apple.Sandbox = {
								enabled = 0;
							};
						};
					};
					D2BA25E41FC1D4C4002C0CD0 = {
						CreatedOnToolsVersion = 9.1;
						ProvisioningStyle = Automatic;
						SystemCapabilities = {
							com.apple.Sandbox = {
								enabled = 0;
							};
						};
					};
				};
			};
			buildConfigurationList = D2BA25C81FC1D48D002C0CD0 /* Build configuration list for PBXProject "Share Access for Sierra" */;
			compatibilityVersion = "Xcode 8.0";
			developmentRegion = en;
			hasScannedForEncodings = 0;
			knownRegions = (
				en,
				Base,
			);
			mainGroup = D2BA25C41FC1D48D002C0CD0;
			productRefGroup = D2BA25CE1FC1D48D002C0CD0 /* Products */;
			projectDirPath = "";
			projectRoot = "";
			targets = (
				D2BA25CC1FC1D48D002C0CD0 /* Share Access for Sierra */,
				D2BA25E41FC1D4C4002C0CD0 /* Finder Extension */,
			);
		};
/* End PBXProject section */

/* Begin PBXResourcesBuildPhase section */
		D2BA25CB1FC1D48D002C0CD0 /* Resources */ = {
			isa = PBXResourcesBuildPhase;
			buildActionMask = 2147483647;
			files = (
				D22FE6A71FC2F157001DDA49 /* FinderSync.xib in Resources */,
				D2BA25D41FC1D48D002C0CD0 /* Assets.xcassets in Resources */,
				D2BA25D71FC1D48D002C0CD0 /* MainMenu.xib in Resources */,
			);
			runOnlyForDeploymentPostprocessing = 0;
		};
		D2BA25E31FC1D4C4002C0CD0 /* Resources */ = {
			isa = PBXResourcesBuildPhase;
			buildActionMask = 2147483647;
			files = (
				D2BA25FD1FC1D995002C0CD0 /* FinderSync.xib in Resources */,
			);
			runOnlyForDeploymentPostprocessing = 0;
		};
/* End PBXResourcesBuildPhase section */

/* Begin PBXSourcesBuildPhase section */
		D2BA25C91FC1D48D002C0CD0 /* Sources */ = {
			isa = PBXSourcesBuildPhase;
			buildActionMask = 2147483647;
			files = (
				D2BA25DA1FC1D48D002C0CD0 /* main.m in Sources */,
				D22FE6A61FC2F157001DDA49 /* SAWindowController.m in Sources */,
				D2BA25D21FC1D48D002C0CD0 /* AppDelegate.m in Sources */,
				D2BA25F51FC1D575002C0CD0 /* SMImageView.m in Sources */,
			);
			runOnlyForDeploymentPostprocessing = 0;
		};
		D2BA25E11FC1D4C4002C0CD0 /* Sources */ = {
			isa = PBXSourcesBuildPhase;
			buildActionMask = 2147483647;
			files = (
				D2BA25E91FC1D4C4002C0CD0 /* FinderSync.m in Sources */,
				D2BA25FC1FC1D995002C0CD0 /* SAWindowController.m in Sources */,
			);
			runOnlyForDeploymentPostprocessing = 0;
		};
/* End PBXSourcesBuildPhase section */

/* Begin PBXTargetDependency section */
		D2BA25ED1FC1D4C4002C0CD0 /* PBXTargetDependency */ = {
			isa = PBXTargetDependency;
			target = D2BA25E41FC1D4C4002C0CD0 /* Finder Extension */;
			targetProxy = D2BA25EC1FC1D4C4002C0CD0 /* PBXContainerItemProxy */;
		};
/* End PBXTargetDependency section */

/* Begin PBXVariantGroup section */
		D2BA25D51FC1D48D002C0CD0 /* MainMenu.xib */ = {
			isa = PBXVariantGroup;
			children = (
				D2BA25D61FC1D48D002C0CD0 /* Base */,
			);
			name = MainMenu.xib;
			sourceTree = "<group>";
		};
/* End PBXVariantGroup section */

/* Begin XCBuildConfiguration section */
		D2BA25DC1FC1D48D002C0CD0 /* Debug */ = {
			isa = XCBuildConfiguration;
			buildSettings = {
				ALWAYS_SEARCH_USER_PATHS = NO;
				CLANG_ANALYZER_NONNULL = YES;
				CLANG_ANALYZER_NUMBER_OBJECT_CONVERSION = YES_AGGRESSIVE;
				CLANG_CXX_LANGUAGE_STANDARD = "gnu++14";
				CLANG_CXX_LIBRARY = "libc++";
				CLANG_ENABLE_MODULES = YES;
				CLANG_ENABLE_OBJC_ARC = YES;
				CLANG_WARN_BLOCK_CAPTURE_AUTORELEASING = YES;
				CLANG_WARN_BOOL_CONVERSION = YES;
				CLANG_WARN_COMMA = YES;
				CLANG_WARN_CONSTANT_CONVERSION = YES;
				CLANG_WARN_DIRECT_OBJC_ISA_USAGE = YES_ERROR;
				CLANG_WARN_DOCUMENTATION_COMMENTS = YES;
				CLANG_WARN_EMPTY_BODY = YES;
				CLANG_WARN_ENUM_CONVERSION = YES;
				CLANG_WARN_INFINITE_RECURSION = YES;
				CLANG_WARN_INT_CONVERSION = YES;
				CLANG_WARN_NON_LITERAL_NULL_CONVERSION = YES;
				CLANG_WARN_OBJC_LITERAL_CONVERSION = YES;
				CLANG_WARN_OBJC_ROOT_CLASS = YES_ERROR;
				CLANG_WARN_RANGE_LOOP_ANALYSIS = YES;
				CLANG_WARN_STRICT_PROTOTYPES = YES;
				CLANG_WARN_SUSPICIOUS_MOVE = YES;
				CLANG_WARN_UNGUARDED_AVAILABILITY = YES_AGGRESSIVE;
				CLANG_WARN_UNREACHABLE_CODE = YES;
				CLANG_WARN__DUPLICATE_METHOD_MATCH = YES;
				CODE_SIGN_IDENTITY = "Mac Developer";
				COPY_PHASE_STRIP = NO;
				DEBUG_INFORMATION_FORMAT = dwarf;
				ENABLE_STRICT_OBJC_MSGSEND = YES;
				ENABLE_TESTABILITY = YES;
				GCC_C_LANGUAGE_STANDARD = gnu11;
				GCC_DYNAMIC_NO_PIC = NO;
				GCC_NO_COMMON_BLOCKS = YES;
				GCC_OPTIMIZATION_LEVEL = 0;
				GCC_PREPROCESSOR_DEFINITIONS = (
					"DEBUG=1",
					"$(inherited)",
				);
				GCC_WARN_64_TO_32_BIT_CONVERSION = YES;
				GCC_WARN_ABOUT_RETURN_TYPE = YES_ERROR;
				GCC_WARN_UNDECLARED_SELECTOR = YES;
				GCC_WARN_UNINITIALIZED_AUTOS = YES_AGGRESSIVE;
				GCC_WARN_UNUSED_FUNCTION = YES;
				GCC_WARN_UNUSED_VARIABLE = YES;
				MACOSX_DEPLOYMENT_TARGET = 10.12;
				MTL_ENABLE_DEBUG_INFO = YES;
				ONLY_ACTIVE_ARCH = YES;
				SDKROOT = macosx;
			};
			name = Debug;
		};
		D2BA25DD1FC1D48D002C0CD0 /* Release */ = {
			isa = XCBuildConfiguration;
			buildSettings = {
				ALWAYS_SEARCH_USER_PATHS = NO;
				CLANG_ANALYZER_NONNULL = YES;
				CLANG_ANALYZER_NUMBER_OBJECT_CONVERSION = YES_AGGRESSIVE;
				CLANG_CXX_LANGUAGE_STANDARD = "gnu++14";
				CLANG_CXX_LIBRARY = "libc++";
				CLANG_ENABLE_MODULES = YES;
				CLANG_ENABLE_OBJC_ARC = YES;
				CLANG_WARN_BLOCK_CAPTURE_AUTORELEASING = YES;
				CLANG_WARN_BOOL_CONVERSION = YES;
				CLANG_WARN_COMMA = YES;
				CLANG_WARN_CONSTANT_CONVERSION = YES;
				CLANG_WARN_DIRECT_OBJC_ISA_USAGE = YES_ERROR;
				CLANG_WARN_DOCUMENTATION_COMMENTS = YES;
				CLANG_WARN_EMPTY_BODY = YES;
				CLANG_WARN_ENUM_CONVERSION = YES;
				CLANG_WARN_INFINITE_RECURSION = YES;
				CLANG_WARN_INT_CONVERSION = YES;
				CLANG_WARN_NON_LITERAL_NULL_CONVERSION = YES;
				CLANG_WARN_OBJC_LITERAL_CONVERSION = YES;
				CLANG_WARN_OBJC_ROOT_CLASS = YES_ERROR;
				CLANG_WARN_RANGE_LOOP_ANALYSIS = YES;
				CLANG_WARN_STRICT_PROTOTYPES = YES;
				CLANG_WARN_SUSPICIOUS_MOVE = YES;
				CLANG_WARN_UNGUARDED_AVAILABILITY = YES_AGGRESSIVE;
				CLANG_WARN_UNREACHABLE_CODE = YES;
				CLANG_WARN__DUPLICATE_METHOD_MATCH = YES;
				CODE_SIGN_IDENTITY = "Mac Developer";
				COPY_PHASE_STRIP = NO;
				DEBUG_INFORMATION_FORMAT = "dwarf-with-dsym";
				ENABLE_NS_ASSERTIONS = NO;
				ENABLE_STRICT_OBJC_MSGSEND = YES;
				GCC_C_LANGUAGE_STANDARD = gnu11;
				GCC_NO_COMMON_BLOCKS = YES;
				GCC_WARN_64_TO_32_BIT_CONVERSION = YES;
				GCC_WARN_ABOUT_RETURN_TYPE = YES_ERROR;
				GCC_WARN_UNDECLARED_SELECTOR = YES;
				GCC_WARN_UNINITIALIZED_AUTOS = YES_AGGRESSIVE;
				GCC_WARN_UNUSED_FUNCTION = YES;
				GCC_WARN_UNUSED_VARIABLE = YES;
				MACOSX_DEPLOYMENT_TARGET = 10.12;
				MTL_ENABLE_DEBUG_INFO = NO;
				SDKROOT = macosx;
			};
			name = Release;
		};
		D2BA25DF1FC1D48D002C0CD0 /* Debug */ = {
			isa = XCBuildConfiguration;
			buildSettings = {
				ASSETCATALOG_COMPILER_APPICON_NAME = AppIcon;
				CODE_SIGN_ENTITLEMENTS = "Share Access for Sierra/Share_Access_for_Sierra.entitlements";
				CODE_SIGN_STYLE = Automatic;
				COMBINE_HIDPI_IMAGES = YES;
				DEVELOPMENT_TEAM = BXQ2LHBD6T;
				INFOPLIST_FILE = "Share Access for Sierra/Info.plist";
				LD_RUNPATH_SEARCH_PATHS = "$(inherited) @executable_path/../Frameworks";
				MACOSX_DEPLOYMENT_TARGET = 10.12;
				PRODUCT_BUNDLE_IDENTIFIER = "com.hrubasko.Share-Access-for-Sierra";
				PRODUCT_NAME = "$(TARGET_NAME)";
			};
			name = Debug;
		};
		D2BA25E01FC1D48D002C0CD0 /* Release */ = {
			isa = XCBuildConfiguration;
			buildSettings = {
				ASSETCATALOG_COMPILER_APPICON_NAME = AppIcon;
				CODE_SIGN_ENTITLEMENTS = "Share Access for Sierra/Share_Access_for_Sierra.entitlements";
				CODE_SIGN_STYLE = Automatic;
				COMBINE_HIDPI_IMAGES = YES;
				DEVELOPMENT_TEAM = BXQ2LHBD6T;
				INFOPLIST_FILE = "Share Access for Sierra/Info.plist";
				LD_RUNPATH_SEARCH_PATHS = "$(inherited) @executable_path/../Frameworks";
				MACOSX_DEPLOYMENT_TARGET = 10.12;
				PRODUCT_BUNDLE_IDENTIFIER = "com.hrubasko.Share-Access-for-Sierra";
				PRODUCT_NAME = "$(TARGET_NAME)";
			};
			name = Release;
		};
		D2BA25F01FC1D4C4002C0CD0 /* Debug */ = {
			isa = XCBuildConfiguration;
			buildSettings = {
				CODE_SIGN_STYLE = Automatic;
				COMBINE_HIDPI_IMAGES = YES;
				DEVELOPMENT_TEAM = BXQ2LHBD6T;
				INFOPLIST_FILE = "Finder Extension/Info.plist";
				LD_RUNPATH_SEARCH_PATHS = "$(inherited) @executable_path/../Frameworks @executable_path/../../../../Frameworks";
				PRODUCT_BUNDLE_IDENTIFIER = "com.hrubasko.Share-Access-for-Sierra.Finder-Extension";
				PRODUCT_NAME = "$(TARGET_NAME)";
				SKIP_INSTALL = YES;
			};
			name = Debug;
		};
		D2BA25F11FC1D4C4002C0CD0 /* Release */ = {
			isa = XCBuildConfiguration;
			buildSettings = {
				CODE_SIGN_STYLE = Automatic;
				COMBINE_HIDPI_IMAGES = YES;
				DEVELOPMENT_TEAM = BXQ2LHBD6T;
				INFOPLIST_FILE = "Finder Extension/Info.plist";
				LD_RUNPATH_SEARCH_PATHS = "$(inherited) @executable_path/../Frameworks @executable_path/../../../../Frameworks";
				PRODUCT_BUNDLE_IDENTIFIER = "com.hrubasko.Share-Access-for-Sierra.Finder-Extension";
				PRODUCT_NAME = "$(TARGET_NAME)";
				SKIP_INSTALL = YES;
			};
			name = Release;
		};
/* End XCBuildConfiguration section */

/* Begin XCConfigurationList section */
		D2BA25C81FC1D48D002C0CD0 /* Build configuration list for PBXProject "Share Access for Sierra" */ = {
			isa = XCConfigurationList;
			buildConfigurations = (
				D2BA25DC1FC1D48D002C0CD0 /* Debug */,
				D2BA25DD1FC1D48D002C0CD0 /* Release */,
			);
			defaultConfigurationIsVisible = 0;
			defaultConfigurationName = Release;
		};
		D2BA25DE1FC1D48D002C0CD0 /* Build configuration list for PBXNativeTarget "Share Access for Sierra" */ = {
			isa = XCConfigurationList;
			buildConfigurations = (
				D2BA25DF1FC1D48D002C0CD0 /* Debug */,
				D2BA25E01FC1D48D002C0CD0 /* Release */,
			);
			defaultConfigurationIsVisible = 0;
			defaultConfigurationName = Release;
		};
		D2BA25EF1FC1D4C4002C0CD0 /* Build configuration list for PBXNativeTarget "Finder Extension" */ = {
			isa = XCConfigurationList;
			buildConfigurations = (
				D2BA25F01FC1D4C4002C0CD0 /* Debug */,
				D2BA25F11FC1D4C4002C0CD0 /* Release */,
			);
			defaultConfigurationIsVisible = 0;
			defaultConfigurationName = Release;
		};
/* End XCConfigurationList section */
	};
	rootObject = D2BA25C51FC1D48D002C0CD0 /* Project object */;
}
